// !$*UTF8*$!
{
	archiveVersion = 1;
	classes = {
	};
	objectVersion = 46;
	objects = {

/* Begin PBXBuildFile section */
		2844D60319099EB800E6D227 /* Foundation.framework in Frameworks */ = {isa = PBXBuildFile; fileRef = 2844D60219099EB800E6D227 /* Foundation.framework */; };
		2844D60519099EB800E6D227 /* CoreGraphics.framework in Frameworks */ = {isa = PBXBuildFile; fileRef = 2844D60419099EB800E6D227 /* CoreGraphics.framework */; };
		2844D60719099EB800E6D227 /* UIKit.framework in Frameworks */ = {isa = PBXBuildFile; fileRef = 2844D60619099EB800E6D227 /* UIKit.framework */; };
		2844D60D19099EB800E6D227 /* InfoPlist.strings in Resources */ = {isa = PBXBuildFile; fileRef = 2844D60B19099EB800E6D227 /* InfoPlist.strings */; };
		2844D60F19099EB800E6D227 /* main.m in Sources */ = {isa = PBXBuildFile; fileRef = 2844D60E19099EB800E6D227 /* main.m */; };
		2844D61319099EB800E6D227 /* AppDelegate.m in Sources */ = {isa = PBXBuildFile; fileRef = 2844D61219099EB800E6D227 /* AppDelegate.m */; };
		2844D61619099EB800E6D227 /* Main.storyboard in Resources */ = {isa = PBXBuildFile; fileRef = 2844D61419099EB800E6D227 /* Main.storyboard */; };
		2844D61919099EB800E6D227 /* ViewController.m in Sources */ = {isa = PBXBuildFile; fileRef = 2844D61819099EB800E6D227 /* ViewController.m */; };
		2844D61B19099EB800E6D227 /* Images.xcassets in Resources */ = {isa = PBXBuildFile; fileRef = 2844D61A19099EB800E6D227 /* Images.xcassets */; };
		2844D62219099EB800E6D227 /* XCTest.framework in Frameworks */ = {isa = PBXBuildFile; fileRef = 2844D62119099EB800E6D227 /* XCTest.framework */; };
		2844D62319099EB800E6D227 /* Foundation.framework in Frameworks */ = {isa = PBXBuildFile; fileRef = 2844D60219099EB800E6D227 /* Foundation.framework */; };
		2844D62419099EB800E6D227 /* UIKit.framework in Frameworks */ = {isa = PBXBuildFile; fileRef = 2844D60619099EB800E6D227 /* UIKit.framework */; };
		2844D62C19099EB800E6D227 /* InfoPlist.strings in Resources */ = {isa = PBXBuildFile; fileRef = 2844D62A19099EB800E6D227 /* InfoPlist.strings */; };
		2844D62E19099EB800E6D227 /* JLAwesomeToolbarTests.m in Sources */ = {isa = PBXBuildFile; fileRef = 2844D62D19099EB800E6D227 /* JLAwesomeToolbarTests.m */; };
		2844D63A19099F2100E6D227 /* JLTabViewController.m in Sources */ = {isa = PBXBuildFile; fileRef = 2844D63919099F2100E6D227 /* JLTabViewController.m */; };
		2844D63D19099F3700E6D227 /* JLDetailViewController.m in Sources */ = {isa = PBXBuildFile; fileRef = 2844D63C19099F3700E6D227 /* JLDetailViewController.m */; };
/* End PBXBuildFile section */

/* Begin PBXContainerItemProxy section */
		2844D62519099EB800E6D227 /* PBXContainerItemProxy */ = {
			isa = PBXContainerItemProxy;
			containerPortal = 2844D5F719099EB800E6D227 /* Project object */;
			proxyType = 1;
			remoteGlobalIDString = 2844D5FE19099EB800E6D227;
			remoteInfo = JLAwesomeToolbar;
		};
/* End PBXContainerItemProxy section */

/* Begin PBXFileReference section */
		2844D5FF19099EB800E6D227 /* JLAwesomeToolbar.app */ = {isa = PBXFileReference; explicitFileType = wrapper.application; includeInIndex = 0; path = JLAwesomeToolbar.app; sourceTree = BUILT_PRODUCTS_DIR; };
		2844D60219099EB800E6D227 /* Foundation.framework */ = {isa = PBXFileReference; lastKnownFileType = wrapper.framework; name = Foundation.framework; path = System/Library/Frameworks/Foundation.framework; sourceTree = SDKROOT; };
		2844D60419099EB800E6D227 /* CoreGraphics.framework */ = {isa = PBXFileReference; lastKnownFileType = wrapper.framework; name = CoreGraphics.framework; path = System/Library/Frameworks/CoreGraphics.framework; sourceTree = SDKROOT; };
		2844D60619099EB800E6D227 /* UIKit.framework */ = {isa = PBXFileReference; lastKnownFileType = wrapper.framework; name = UIKit.framework; path = System/Library/Frameworks/UIKit.framework; sourceTree = SDKROOT; };
		2844D60A19099EB800E6D227 /* JLAwesomeToolbar-Info.plist */ = {isa = PBXFileReference; lastKnownFileType = text.plist.xml; path = "JLAwesomeToolbar-Info.plist"; sourceTree = "<group>"; };
		2844D60C19099EB800E6D227 /* en */ = {isa = PBXFileReference; lastKnownFileType = text.plist.strings; name = en; path = en.lproj/InfoPlist.strings; sourceTree = "<group>"; };
		2844D60E19099EB800E6D227 /* main.m */ = {isa = PBXFileReference; lastKnownFileType = sourcecode.c.objc; path = main.m; sourceTree = "<group>"; };
		2844D61019099EB800E6D227 /* JLAwesomeToolbar-Prefix.pch */ = {isa = PBXFileReference; lastKnownFileType = sourcecode.c.h; path = "JLAwesomeToolbar-Prefix.pch"; sourceTree = "<group>"; };
		2844D61119099EB800E6D227 /* AppDelegate.h */ = {isa = PBXFileReference; lastKnownFileType = sourcecode.c.h; path = AppDelegate.h; sourceTree = "<group>"; };
		2844D61219099EB800E6D227 /* AppDelegate.m */ = {isa = PBXFileReference; lastKnownFileType = sourcecode.c.objc; path = AppDelegate.m; sourceTree = "<group>"; };
		2844D61519099EB800E6D227 /* Base */ = {isa = PBXFileReference; lastKnownFileType = file.storyboard; name = Base; path = Base.lproj/Main.storyboard; sourceTree = "<group>"; };
		2844D61719099EB800E6D227 /* ViewController.h */ = {isa = PBXFileReference; lastKnownFileType = sourcecode.c.h; path = ViewController.h; sourceTree = "<group>"; };
		2844D61819099EB800E6D227 /* ViewController.m */ = {isa = PBXFileReference; lastKnownFileType = sourcecode.c.objc; path = ViewController.m; sourceTree = "<group>"; };
		2844D61A19099EB800E6D227 /* Images.xcassets */ = {isa = PBXFileReference; lastKnownFileType = folder.assetcatalog; path = Images.xcassets; sourceTree = "<group>"; };
		2844D62019099EB800E6D227 /* JLAwesomeToolbarTests.xctest */ = {isa = PBXFileReference; explicitFileType = wrapper.cfbundle; includeInIndex = 0; path = JLAwesomeToolbarTests.xctest; sourceTree = BUILT_PRODUCTS_DIR; };
		2844D62119099EB800E6D227 /* XCTest.framework */ = {isa = PBXFileReference; lastKnownFileType = wrapper.framework; name = XCTest.framework; path = Library/Frameworks/XCTest.framework; sourceTree = DEVELOPER_DIR; };
		2844D62919099EB800E6D227 /* JLAwesomeToolbarTests-Info.plist */ = {isa = PBXFileReference; lastKnownFileType = text.plist.xml; path = "JLAwesomeToolbarTests-Info.plist"; sourceTree = "<group>"; };
		2844D62B19099EB800E6D227 /* en */ = {isa = PBXFileReference; lastKnownFileType = text.plist.strings; name = en; path = en.lproj/InfoPlist.strings; sourceTree = "<group>"; };
		2844D62D19099EB800E6D227 /* JLAwesomeToolbarTests.m */ = {isa = PBXFileReference; lastKnownFileType = sourcecode.c.objc; path = JLAwesomeToolbarTests.m; sourceTree = "<group>"; };
		2844D63819099F2100E6D227 /* JLTabViewController.h */ = {isa = PBXFileReference; fileEncoding = 4; lastKnownFileType = sourcecode.c.h; name = JLTabViewController.h; path = JLAwesomeToolbar/JLTabViewController.h; sourceTree = "<group>"; };
		2844D63919099F2100E6D227 /* JLTabViewController.m */ = {isa = PBXFileReference; fileEncoding = 4; lastKnownFileType = sourcecode.c.objc; name = JLTabViewController.m; path = JLAwesomeToolbar/JLTabViewController.m; sourceTree = "<group>"; };
		2844D63B19099F3700E6D227 /* JLDetailViewController.h */ = {isa = PBXFileReference; fileEncoding = 4; lastKnownFileType = sourcecode.c.h; path = JLDetailViewController.h; sourceTree = "<group>"; };
		2844D63C19099F3700E6D227 /* JLDetailViewController.m */ = {isa = PBXFileReference; fileEncoding = 4; lastKnownFileType = sourcecode.c.objc; path = JLDetailViewController.m; sourceTree = "<group>"; };
/* End PBXFileReference section */

/* Begin PBXFrameworksBuildPhase section */
		2844D5FC19099EB800E6D227 /* Frameworks */ = {
			isa = PBXFrameworksBuildPhase;
			buildActionMask = 2147483647;
			files = (
				2844D60519099EB800E6D227 /* CoreGraphics.framework in Frameworks */,
				2844D60719099EB800E6D227 /* UIKit.framework in Frameworks */,
				2844D60319099EB800E6D227 /* Foundation.framework in Frameworks */,
			);
			runOnlyForDeploymentPostprocessing = 0;
		};
		2844D61D19099EB800E6D227 /* Frameworks */ = {
			isa = PBXFrameworksBuildPhase;
			buildActionMask = 2147483647;
			files = (
				2844D62219099EB800E6D227 /* XCTest.framework in Frameworks */,
				2844D62419099EB800E6D227 /* UIKit.framework in Frameworks */,
				2844D62319099EB800E6D227 /* Foundation.framework in Frameworks */,
			);
			runOnlyForDeploymentPostprocessing = 0;
		};
/* End PBXFrameworksBuildPhase section */

/* Begin PBXGroup section */
		2844D5F619099EB800E6D227 = {
			isa = PBXGroup;
			children = (
				2844D63719099EF300E6D227 /* View Controllers */,
				2844D60819099EB800E6D227 /* JLAwesomeToolbar */,
				2844D62719099EB800E6D227 /* JLAwesomeToolbarTests */,
				2844D60119099EB800E6D227 /* Frameworks */,
				2844D60019099EB800E6D227 /* Products */,
			);
			sourceTree = "<group>";
		};
		2844D60019099EB800E6D227 /* Products */ = {
			isa = PBXGroup;
			children = (
				2844D5FF19099EB800E6D227 /* JLAwesomeToolbar.app */,
				2844D62019099EB800E6D227 /* JLAwesomeToolbarTests.xctest */,
			);
			name = Products;
			sourceTree = "<group>";
		};
		2844D60119099EB800E6D227 /* Frameworks */ = {
			isa = PBXGroup;
			children = (
				2844D60219099EB800E6D227 /* Foundation.framework */,
				2844D60419099EB800E6D227 /* CoreGraphics.framework */,
				2844D60619099EB800E6D227 /* UIKit.framework */,
				2844D62119099EB800E6D227 /* XCTest.framework */,
			);
			name = Frameworks;
			sourceTree = "<group>";
		};
		2844D60819099EB800E6D227 /* JLAwesomeToolbar */ = {
			isa = PBXGroup;
			children = (
				2844D61119099EB800E6D227 /* AppDelegate.h */,
				2844D61219099EB800E6D227 /* AppDelegate.m */,
				2844D61419099EB800E6D227 /* Main.storyboard */,
				2844D61719099EB800E6D227 /* ViewController.h */,
				2844D61819099EB800E6D227 /* ViewController.m */,
				2844D61A19099EB800E6D227 /* Images.xcassets */,
				2844D60919099EB800E6D227 /* Supporting Files */,
			);
			path = JLAwesomeToolbar;
			sourceTree = "<group>";
		};
		2844D60919099EB800E6D227 /* Supporting Files */ = {
			isa = PBXGroup;
			children = (
				2844D60A19099EB800E6D227 /* JLAwesomeToolbar-Info.plist */,
				2844D60B19099EB800E6D227 /* InfoPlist.strings */,
				2844D60E19099EB800E6D227 /* main.m */,
				2844D61019099EB800E6D227 /* JLAwesomeToolbar-Prefix.pch */,
			);
			name = "Supporting Files";
			sourceTree = "<group>";
		};
		2844D62719099EB800E6D227 /* JLAwesomeToolbarTests */ = {
			isa = PBXGroup;
			children = (
				2844D62D19099EB800E6D227 /* JLAwesomeToolbarTests.m */,
				2844D62819099EB800E6D227 /* Supporting Files */,
			);
			path = JLAwesomeToolbarTests;
			sourceTree = "<group>";
		};
		2844D62819099EB800E6D227 /* Supporting Files */ = {
			isa = PBXGroup;
			children = (
				2844D62919099EB800E6D227 /* JLAwesomeToolbarTests-Info.plist */,
				2844D62A19099EB800E6D227 /* InfoPlist.strings */,
			);
			name = "Supporting Files";
			sourceTree = "<group>";
		};
		2844D63719099EF300E6D227 /* View Controllers */ = {
			isa = PBXGroup;
			children = (
				2844D63819099F2100E6D227 /* JLTabViewController.h */,
				2844D63919099F2100E6D227 /* JLTabViewController.m */,
				2844D63B19099F3700E6D227 /* JLDetailViewController.h */,
				2844D63C19099F3700E6D227 /* JLDetailViewController.m */,
			);
			name = "View Controllers";
			sourceTree = "<group>";
		};
/* End PBXGroup section */

/* Begin PBXNativeTarget section */
		2844D5FE19099EB800E6D227 /* JLAwesomeToolbar */ = {
			isa = PBXNativeTarget;
			buildConfigurationList = 2844D63119099EB800E6D227 /* Build configuration list for PBXNativeTarget "JLAwesomeToolbar" */;
			buildPhases = (
				2844D5FB19099EB800E6D227 /* Sources */,
				2844D5FC19099EB800E6D227 /* Frameworks */,
				2844D5FD19099EB800E6D227 /* Resources */,
			);
			buildRules = (
			);
			dependencies = (
			);
			name = JLAwesomeToolbar;
			productName = JLAwesomeToolbar;
			productReference = 2844D5FF19099EB800E6D227 /* JLAwesomeToolbar.app */;
			productType = "com.apple.product-type.application";
		};
		2844D61F19099EB800E6D227 /* JLAwesomeToolbarTests */ = {
			isa = PBXNativeTarget;
			buildConfigurationList = 2844D63419099EB800E6D227 /* Build configuration list for PBXNativeTarget "JLAwesomeToolbarTests" */;
			buildPhases = (
				2844D61C19099EB800E6D227 /* Sources */,
				2844D61D19099EB800E6D227 /* Frameworks */,
				2844D61E19099EB800E6D227 /* Resources */,
			);
			buildRules = (
			);
			dependencies = (
				2844D62619099EB800E6D227 /* PBXTargetDependency */,
			);
			name = JLAwesomeToolbarTests;
			productName = JLAwesomeToolbarTests;
			productReference = 2844D62019099EB800E6D227 /* JLAwesomeToolbarTests.xctest */;
			productType = "com.apple.product-type.bundle.unit-test";
		};
/* End PBXNativeTarget section */

/* Begin PBXProject section */
		2844D5F719099EB800E6D227 /* Project object */ = {
			isa = PBXProject;
			attributes = {
				LastUpgradeCheck = 0510;
				ORGANIZATIONNAME = "Jeff Linwood";
				TargetAttributes = {
					2844D61F19099EB800E6D227 = {
						TestTargetID = 2844D5FE19099EB800E6D227;
					};
				};
			};
			buildConfigurationList = 2844D5FA19099EB800E6D227 /* Build configuration list for PBXProject "JLAwesomeToolbar" */;
			compatibilityVersion = "Xcode 3.2";
			developmentRegion = English;
			hasScannedForEncodings = 0;
			knownRegions = (
				en,
				Base,
			);
			mainGroup = 2844D5F619099EB800E6D227;
			productRefGroup = 2844D60019099EB800E6D227 /* Products */;
			projectDirPath = "";
			projectRoot = "";
			targets = (
				2844D5FE19099EB800E6D227 /* JLAwesomeToolbar */,
				2844D61F19099EB800E6D227 /* JLAwesomeToolbarTests */,
			);
		};
/* End PBXProject section */

/* Begin PBXResourcesBuildPhase section */
		2844D5FD19099EB800E6D227 /* Resources */ = {
			isa = PBXResourcesBuildPhase;
			buildActionMask = 2147483647;
			files = (
				2844D61B19099EB800E6D227 /* Images.xcassets in Resources */,
				2844D60D19099EB800E6D227 /* InfoPlist.strings in Resources */,
				2844D61619099EB800E6D227 /* Main.storyboard in Resources */,
			);
			runOnlyForDeploymentPostprocessing = 0;
		};
		2844D61E19099EB800E6D227 /* Resources */ = {
			isa = PBXResourcesBuildPhase;
			buildActionMask = 2147483647;
			files = (
				2844D62C19099EB800E6D227 /* InfoPlist.strings in Resources */,
			);
			runOnlyForDeploymentPostprocessing = 0;
		};
/* End PBXResourcesBuildPhase section */

/* Begin PBXSourcesBuildPhase section */
		2844D5FB19099EB800E6D227 /* Sources */ = {
			isa = PBXSourcesBuildPhase;
			buildActionMask = 2147483647;
			files = (
				2844D63A19099F2100E6D227 /* JLTabViewController.m in Sources */,
				2844D63D19099F3700E6D227 /* JLDetailViewController.m in Sources */,
				2844D61919099EB800E6D227 /* ViewController.m in Sources */,
				2844D61319099EB800E6D227 /* AppDelegate.m in Sources */,
				2844D60F19099EB800E6D227 /* main.m in Sources */,
			);
			runOnlyForDeploymentPostprocessing = 0;
		};
		2844D61C19099EB800E6D227 /* Sources */ = {
			isa = PBXSourcesBuildPhase;
			buildActionMask = 2147483647;
			files = (
				2844D62E19099EB800E6D227 /* JLAwesomeToolbarTests.m in Sources */,
			);
			runOnlyForDeploymentPostprocessing = 0;
		};
/* End PBXSourcesBuildPhase section */

/* Begin PBXTargetDependency section */
		2844D62619099EB800E6D227 /* PBXTargetDependency */ = {
			isa = PBXTargetDependency;
			target = 2844D5FE19099EB800E6D227 /* JLAwesomeToolbar */;
			targetProxy = 2844D62519099EB800E6D227 /* PBXContainerItemProxy */;
		};
/* End PBXTargetDependency section */

/* Begin PBXVariantGroup section */
		2844D60B19099EB800E6D227 /* InfoPlist.strings */ = {
			isa = PBXVariantGroup;
			children = (
				2844D60C19099EB800E6D227 /* en */,
			);
			name = InfoPlist.strings;
			sourceTree = "<group>";
		};
		2844D61419099EB800E6D227 /* Main.storyboard */ = {
			isa = PBXVariantGroup;
			children = (
				2844D61519099EB800E6D227 /* Base */,
			);
			name = Main.storyboard;
			sourceTree = "<group>";
		};
		2844D62A19099EB800E6D227 /* InfoPlist.strings */ = {
			isa = PBXVariantGroup;
			children = (
				2844D62B19099EB800E6D227 /* en */,
			);
			name = InfoPlist.strings;
			sourceTree = "<group>";
		};
/* End PBXVariantGroup section */

/* Begin XCBuildConfiguration section */
		2844D62F19099EB800E6D227 /* Debug */ = {
			isa = XCBuildConfiguration;
			buildSettings = {
				ALWAYS_SEARCH_USER_PATHS = NO;
				CLANG_CXX_LANGUAGE_STANDARD = "gnu++0x";
				CLANG_CXX_LIBRARY = "libc++";
				CLANG_ENABLE_MODULES = YES;
				CLANG_ENABLE_OBJC_ARC = YES;
				CLANG_WARN_BOOL_CONVERSION = YES;
				CLANG_WARN_CONSTANT_CONVERSION = YES;
				CLANG_WARN_DIRECT_OBJC_ISA_USAGE = YES_ERROR;
				CLANG_WARN_EMPTY_BODY = YES;
				CLANG_WARN_ENUM_CONVERSION = YES;
				CLANG_WARN_INT_CONVERSION = YES;
				CLANG_WARN_OBJC_ROOT_CLASS = YES_ERROR;
				CLANG_WARN__DUPLICATE_METHOD_MATCH = YES;
				"CODE_SIGN_IDENTITY[sdk=iphoneos*]" = "iPhone Developer";
				COPY_PHASE_STRIP = NO;
				GCC_C_LANGUAGE_STANDARD = gnu99;
				GCC_DYNAMIC_NO_PIC = NO;
				GCC_OPTIMIZATION_LEVEL = 0;
				GCC_PREPROCESSOR_DEFINITIONS = (
					"DEBUG=1",
					"$(inherited)",
				);
				GCC_SYMBOLS_PRIVATE_EXTERN = NO;
				GCC_WARN_64_TO_32_BIT_CONVERSION = YES;
				GCC_WARN_ABOUT_RETURN_TYPE = YES_ERROR;
				GCC_WARN_UNDECLARED_SELECTOR = YES;
				GCC_WARN_UNINITIALIZED_AUTOS = YES_AGGRESSIVE;
				GCC_WARN_UNUSED_FUNCTION = YES;
				GCC_WARN_UNUSED_VARIABLE = YES;
				IPHONEOS_DEPLOYMENT_TARGET = 7.1;
				ONLY_ACTIVE_ARCH = YES;
				SDKROOT = iphoneos;
			};
			name = Debug;
		};
		2844D63019099EB800E6D227 /* Release */ = {
			isa = XCBuildConfiguration;
			buildSettings = {
				ALWAYS_SEARCH_USER_PATHS = NO;
				CLANG_CXX_LANGUAGE_STANDARD = "gnu++0x";
				CLANG_CXX_LIBRARY = "libc++";
				CLANG_ENABLE_MODULES = YES;
				CLANG_ENABLE_OBJC_ARC = YES;
				CLANG_WARN_BOOL_CONVERSION = YES;
				CLANG_WARN_CONSTANT_CONVERSION = YES;
				CLANG_WARN_DIRECT_OBJC_ISA_USAGE = YES_ERROR;
				CLANG_WARN_EMPTY_BODY = YES;
				CLANG_WARN_ENUM_CONVERSION = YES;
				CLANG_WARN_INT_CONVERSION = YES;
				CLANG_WARN_OBJC_ROOT_CLASS = YES_ERROR;
				CLANG_WARN__DUPLICATE_METHOD_MATCH = YES;
				"CODE_SIGN_IDENTITY[sdk=iphoneos*]" = "iPhone Developer";
				COPY_PHASE_STRIP = YES;
				ENABLE_NS_ASSERTIONS = NO;
				GCC_C_LANGUAGE_STANDARD = gnu99;
				GCC_WARN_64_TO_32_BIT_CONVERSION = YES;
				GCC_WARN_ABOUT_RETURN_TYPE = YES_ERROR;
				GCC_WARN_UNDECLARED_SELECTOR = YES;
				GCC_WARN_UNINITIALIZED_AUTOS = YES_AGGRESSIVE;
				GCC_WARN_UNUSED_FUNCTION = YES;
				GCC_WARN_UNUSED_VARIABLE = YES;
				IPHONEOS_DEPLOYMENT_TARGET = 7.1;
				SDKROOT = iphoneos;
				VALIDATE_PRODUCT = YES;
			};
			name = Release;
		};
		2844D63219099EB800E6D227 /* Debug */ = {
			isa = XCBuildConfiguration;
			buildSettings = {
				ASSETCATALOG_COMPILER_APPICON_NAME = AppIcon;
				ASSETCATALOG_COMPILER_LAUNCHIMAGE_NAME = LaunchImage;
				GCC_PRECOMPILE_PREFIX_HEADER = YES;
				GCC_PREFIX_HEADER = "JLAwesomeToolbar/JLAwesomeToolbar-Prefix.pch";
				INFOPLIST_FILE = "JLAwesomeToolbar/JLAwesomeToolbar-Info.plist";
				PRODUCT_NAME = "$(TARGET_NAME)";
				WRAPPER_EXTENSION = app;
			};
			name = Debug;
		};
		2844D63319099EB800E6D227 /* Release */ = {
			isa = XCBuildConfiguration;
			buildSettings = {
				ASSETCATALOG_COMPILER_APPICON_NAME = AppIcon;
				ASSETCATALOG_COMPILER_LAUNCHIMAGE_NAME = LaunchImage;
				GCC_PRECOMPILE_PREFIX_HEADER = YES;
				GCC_PREFIX_HEADER = "JLAwesomeToolbar/JLAwesomeToolbar-Prefix.pch";
				INFOPLIST_FILE = "JLAwesomeToolbar/JLAwesomeToolbar-Info.plist";
				PRODUCT_NAME = "$(TARGET_NAME)";
				WRAPPER_EXTENSION = app;
			};
			name = Release;
		};
		2844D63519099EB800E6D227 /* Debug */ = {
			isa = XCBuildConfiguration;
			buildSettings = {
				BUNDLE_LOADER = "$(BUILT_PRODUCTS_DIR)/JLAwesomeToolbar.app/JLAwesomeToolbar";
				FRAMEWORK_SEARCH_PATHS = (
					"$(SDKROOT)/Developer/Library/Frameworks",
					"$(inherited)",
					"$(DEVELOPER_FRAMEWORKS_DIR)",
				);
				GCC_PRECOMPILE_PREFIX_HEADER = YES;
				GCC_PREFIX_HEADER = "JLAwesomeToolbar/JLAwesomeToolbar-Prefix.pch";
				GCC_PREPROCESSOR_DEFINITIONS = (
					"DEBUG=1",
					"$(inherited)",
				);
				INFOPLIST_FILE = "JLAwesomeToolbarTests/JLAwesomeToolbarTests-Info.plist";
				PRODUCT_NAME = "$(TARGET_NAME)";
				TEST_HOST = "$(BUNDLE_LOADER)";
				WRAPPER_EXTENSION = xctest;
			};
			name = Debug;
		};
		2844D63619099EB800E6D227 /* Release */ = {
			isa = XCBuildConfiguration;
			buildSettings = {
				BUNDLE_LOADER = "$(BUILT_PRODUCTS_DIR)/JLAwesomeToolbar.app/JLAwesomeToolbar";
				FRAMEWORK_SEARCH_PATHS = (
					"$(SDKROOT)/Developer/Library/Frameworks",
					"$(inherited)",
					"$(DEVELOPER_FRAMEWORKS_DIR)",
				);
				GCC_PRECOMPILE_PREFIX_HEADER = YES;
				GCC_PREFIX_HEADER = "JLAwesomeToolbar/JLAwesomeToolbar-Prefix.pch";
				INFOPLIST_FILE = "JLAwesomeToolbarTests/JLAwesomeToolbarTests-Info.plist";
				PRODUCT_NAME = "$(TARGET_NAME)";
				TEST_HOST = "$(BUNDLE_LOADER)";
				WRAPPER_EXTENSION = xctest;
			};
			name = Release;
		};
/* End XCBuildConfiguration section */

/* Begin XCConfigurationList section */
		2844D5FA19099EB800E6D227 /* Build configuration list for PBXProject "JLAwesomeToolbar" */ = {
			isa = XCConfigurationList;
			buildConfigurations = (
				2844D62F19099EB800E6D227 /* Debug */,
				2844D63019099EB800E6D227 /* Release */,
			);
			defaultConfigurationIsVisible = 0;
			defaultConfigurationName = Release;
		};
		2844D63119099EB800E6D227 /* Build configuration list for PBXNativeTarget "JLAwesomeToolbar" */ = {
			isa = XCConfigurationList;
			buildConfigurations = (
				2844D63219099EB800E6D227 /* Debug */,
				2844D63319099EB800E6D227 /* Release */,
			);
			defaultConfigurationIsVisible = 0;
		};
		2844D63419099EB800E6D227 /* Build configuration list for PBXNativeTarget "JLAwesomeToolbarTests" */ = {
			isa = XCConfigurationList;
			buildConfigurations = (
				2844D63519099EB800E6D227 /* Debug */,
				2844D63619099EB800E6D227 /* Release */,
			);
			defaultConfigurationIsVisible = 0;
		};
/* End XCConfigurationList section */
	};
	rootObject = 2844D5F719099EB800E6D227 /* Project object */;
}
